
Microsoft Visual Studio Solution File, Format Version 12.00
# Visual Studio Version 17
VisualStudioVersion = 17.5.33530.505
MinimumVisualStudioVersion = 10.0.40219.1
Project("{FAE04EC0-301F-11D3-BF4B-00C04F79EFBC}") = "QuanLyNhanSu", "QuanLyNhanSu.csproj", "{CA8DC3BF-80AB-48E2-A447-7D4D73E529EB}"
EndProject
Global
	GlobalSection(SolutionConfigurationPlatforms) = preSolution
		Debug|Any CPU = Debug|Any CPU
		Release|Any CPU = Release|Any CPU
	EndGlobalSection
	GlobalSection(ProjectConfigurationPlatforms) = postSolution
		{CA8DC3BF-80AB-48E2-A447-7D4D73E529EB}.Debug|Any CPU.ActiveCfg = Debug|Any CPU
		{CA8DC3BF-80AB-48E2-A447-7D4D73E529EB}.Debug|Any CPU.Build.0 = Debug|Any CPU
		{CA8DC3BF-80AB-48E2-A447-7D4D73E529EB}.Release|Any CPU.ActiveCfg = Release|Any CPU
		{CA8DC3BF-80AB-48E2-A447-7D4D73E529EB}.Release|Any CPU.Build.0 = Release|Any CPU
	EndGlobalSection
	GlobalSection(SolutionProperties) = preSolution
		HideSolutionNode = FALSE
	EndGlobalSection
	GlobalSection(ExtensibilityGlobals) = postSolution
		SolutionGuid = {0DFAD11C-51E0-4418-BADA-9CA60292831C}
	EndGlobalSection
EndGlobal
